
Microsoft Visual Studio Solution File, Format Version 12.00
# Visual Studio Version 16
VisualStudioVersion = 16.0.32510.428
MinimumVisualStudioVersion = 10.0.40219.1
Project("{FAE04EC0-301F-11D3-BF4B-00C04F79EFBC}") = "HackerRankDay5Challenge", "HackerRankDay5Challenge.csproj", "{2D7080F0-B89A-43D2-99A2-19A562C8DD83}"
EndProject
Global
	GlobalSection(SolutionConfigurationPlatforms) = preSolution
		Debug|Any CPU = Debug|Any CPU
		Release|Any CPU = Release|Any CPU
	EndGlobalSection
	GlobalSection(ProjectConfigurationPlatforms) = postSolution
		{2D7080F0-B89A-43D2-99A2-19A562C8DD83}.Debug|Any CPU.ActiveCfg = Debug|Any CPU
		{2D7080F0-B89A-43D2-99A2-19A562C8DD83}.Debug|Any CPU.Build.0 = Debug|Any CPU
		{2D7080F0-B89A-43D2-99A2-19A562C8DD83}.Release|Any CPU.ActiveCfg = Release|Any CPU
		{2D7080F0-B89A-43D2-99A2-19A562C8DD83}.Release|Any CPU.Build.0 = Release|Any CPU
	EndGlobalSection
	GlobalSection(SolutionProperties) = preSolution
		HideSolutionNode = FALSE
	EndGlobalSection
	GlobalSection(ExtensibilityGlobals) = postSolution
		SolutionGuid = {AD457308-629B-48E1-8C3D-ED380FD528EB}
	EndGlobalSection
EndGlobal
